
Microsoft Visual Studio Solution File, Format Version 12.00
# Visual Studio 15
VisualStudioVersion = 15.0.27130.2024
MinimumVisualStudioVersion = 10.0.40219.1
Project("{2150E333-8FDC-42A3-9474-1A3956D46DE8}") = "1Observer", "1Observer", "{1F10BBD2-1F6B-4BB4-B2D1-85DA84CD30B9}"
EndProject
Project("{2150E333-8FDC-42A3-9474-1A3956D46DE8}") = "2Reservations", "2Reservations", "{701233EF-591E-4586-A53E-09F79E5C8B92}"
EndProject
Project("{2150E333-8FDC-42A3-9474-1A3956D46DE8}") = "6Visitor", "6Visitor", "{CDF85CBF-22D4-412E-86F8-E76519842B97}"
EndProject
Project("{2150E333-8FDC-42A3-9474-1A3956D46DE8}") = "5Chain of Responsibility", "5Chain of Responsibility", "{21D488EC-D374-45A3-A41C-4D9FE678529E}"
EndProject
Project("{2150E333-8FDC-42A3-9474-1A3956D46DE8}") = "3Composite", "3Composite", "{B1A771A3-BB75-449C-8D71-55740FE33D37}"
EndProject
Project("{2150E333-8FDC-42A3-9474-1A3956D46DE8}") = "7Protocols and the Visitor", "7Protocols and the Visitor", "{744635BC-418A-43C4-BA64-1A225D0B5312}"
EndProject
Project("{2150E333-8FDC-42A3-9474-1A3956D46DE8}") = "8Mixin", "8Mixin", "{D601DD28-4EB9-4D7C-9382-0A327C8652A7}"
EndProject
Project("{2150E333-8FDC-42A3-9474-1A3956D46DE8}") = "SamplePatterns", "SamplePatterns", "{74F4FEE5-3DC1-4B0E-B74A-9E004C297534}"
EndProject
Project("{2150E333-8FDC-42A3-9474-1A3956D46DE8}") = "1 Observer Basic", "1 Observer Basic", "{2E8B0190-6C53-4CB6-BC7F-8E2458C53466}"
EndProject
Project("{2150E333-8FDC-42A3-9474-1A3956D46DE8}") = "2 Observer Advanced", "2 Observer Advanced", "{AFC8CEB9-E41A-430B-A12C-AE74BCCB8607}"
EndProject
Project("{2150E333-8FDC-42A3-9474-1A3956D46DE8}") = "3 Observer Events", "3 Observer Events", "{0A0BA1AE-7E82-4E48-8ABF-9E3C4383ABF3}"
EndProject
Project("{FAE04EC0-301F-11D3-BF4B-00C04F79EFBC}") = "ObserverDemo", "1Observer\1 Observer Basic\ObserverDemo\ObserverDemo.csproj", "{72E5A6BA-DF7E-420D-9125-BDAA22657868}"
EndProject
Project("{FAE04EC0-301F-11D3-BF4B-00C04F79EFBC}") = "ObserverDemo", "1Observer\2 Observer Advanced\ObserverDemo\ObserverDemo.csproj", "{CE128C66-979C-49A6-9A90-17BCFF6E710C}"
EndProject
Project("{FAE04EC0-301F-11D3-BF4B-00C04F79EFBC}") = "ObserverDemo", "1Observer\3 Observer Events\ObserverDemo\ObserverDemo\ObserverDemo.csproj", "{E33AD661-665E-4017-934F-FCC9984B13E6}"
EndProject
Project("{2150E333-8FDC-42A3-9474-1A3956D46DE8}") = "1 Reservations Basic", "1 Reservations Basic", "{6FEE5BB5-DEFB-4F7C-8A56-527CBF1C6EF9}"
EndProject
Project("{2150E333-8FDC-42A3-9474-1A3956D46DE8}") = "2 Reservations Full", "2 Reservations Full", "{F9ADEB94-CFC1-4D62-AE88-D4C1B7DA1031}"
EndProject
Project("{2150E333-8FDC-42A3-9474-1A3956D46DE8}") = "CarShop Basic", "CarShop Basic", "{B2AD1BFC-8DFA-4A86-BA7C-FE79C48B3467}"
EndProject
Project("{2150E333-8FDC-42A3-9474-1A3956D46DE8}") = "CarShop Simple Visitor", "CarShop Simple Visitor", "{498090D0-A4F8-4C04-80C8-F29E2C4C9570}"
EndProject
Project("{2150E333-8FDC-42A3-9474-1A3956D46DE8}") = "CarShop Modified Visitor", "CarShop Modified Visitor", "{96A8C14B-E4A3-4BE7-8B09-A64F7F69DB14}"
EndProject
Project("{FAE04EC0-301F-11D3-BF4B-00C04F79EFBC}") = "Reservations", "2Reservations\1 Reservations Basic\Reservations\Reservations.csproj", "{2AE8E043-9620-4787-848F-577F3B95CDC8}"
EndProject
Project("{FAE04EC0-301F-11D3-BF4B-00C04F79EFBC}") = "Reservations", "2Reservations\2 Reservations Full\Reservations\Reservations.csproj", "{FC3ED5E3-DB30-4977-856C-F5597146DD17}"
EndProject
Project("{2150E333-8FDC-42A3-9474-1A3956D46DE8}") = "FamilyInheritance", "FamilyInheritance", "{D3570A2B-463E-4501-A069-56688153BFF7}"
EndProject
Project("{FAE04EC0-301F-11D3-BF4B-00C04F79EFBC}") = "ConsoleFamily", "5Chain of Responsibility\1 Family Inheritance\ConsoleFamily\ConsoleFamily.csproj", "{5DD2138D-E071-4A5C-BC9E-A004EDD9AA56}"
EndProject
Project("{FAE04EC0-301F-11D3-BF4B-00C04F79EFBC}") = "Family.Common", "5Chain of Responsibility\1 Family Inheritance\Family.Common\Family.Common.csproj", "{349ADE6B-6792-406A-A236-BF31D1CCE299}"
EndProject
Project("{2150E333-8FDC-42A3-9474-1A3956D46DE8}") = "Family Composition", "Family Composition", "{9347129A-5C98-4381-82F4-0DF939F2A78D}"
EndProject
Project("{FAE04EC0-301F-11D3-BF4B-00C04F79EFBC}") = "ConsoleFamily", "5Chain of Responsibility\2 Family Composition\ConsoleFamily\ConsoleFamily.csproj", "{B670F38D-744F-4C11-ABB5-39FCB10C81EF}"
EndProject
Project("{FAE04EC0-301F-11D3-BF4B-00C04F79EFBC}") = "Family.Common", "5Chain of Responsibility\2 Family Composition\Family.Common\Family.Common.csproj", "{2C66C5E9-629B-4827-97D0-50352DEA5E8A}"
EndProject
Project("{2150E333-8FDC-42A3-9474-1A3956D46DE8}") = "Family Chain of Responsibility", "Family Chain of Responsibility", "{C63AB6C4-EFF0-4BA6-A786-9AE198C9A813}"
EndProject
Project("{FAE04EC0-301F-11D3-BF4B-00C04F79EFBC}") = "ConsoleFamily", "5Chain of Responsibility\3 Family Chain of Responsibility\ConsoleFamily\ConsoleFamily.csproj", "{2B072334-1208-44EB-9370-62576F7D1F48}"
EndProject
Project("{FAE04EC0-301F-11D3-BF4B-00C04F79EFBC}") = "Family.Common", "5Chain of Responsibility\3 Family Chain of Responsibility\Family.Common\Family.Common.csproj", "{779EB6D1-7BD2-48DB-A2E1-C76AA3C3E945}"
EndProject
Project("{2150E333-8FDC-42A3-9474-1A3956D46DE8}") = "Family WPF Demo", "Family WPF Demo", "{BE808F76-0B85-4D7C-85DC-9B1F24D20B1F}"
EndProject
Project("{FAE04EC0-301F-11D3-BF4B-00C04F79EFBC}") = "Common", "5Chain of Responsibility\4 Family WPF Demo\Common\Common.csproj", "{F0032280-3234-4F54-8CFC-37C85A269FD1}"
EndProject
Project("{FAE04EC0-301F-11D3-BF4B-00C04F79EFBC}") = "Demo", "5Chain of Responsibility\4 Family WPF Demo\Demo\Demo.csproj", "{CC2C439A-4CA2-4E35-B391-4B9937D6B3E3}"
EndProject
Project("{FAE04EC0-301F-11D3-BF4B-00C04F79EFBC}") = "TextDemo", "5Chain of Responsibility\4 Family WPF Demo\TextDemo\TextDemo.csproj", "{01DD69F4-2565-4621-B12F-8AA7495F3E38}"
EndProject
Project("{FAE04EC0-301F-11D3-BF4B-00C04F79EFBC}") = "CarShop", "6Visitor\CarShop Basic\CarShop\CarShop.csproj", "{49372EA3-D73E-4161-90D6-5E35F84B286E}"
EndProject
Project("{FAE04EC0-301F-11D3-BF4B-00C04F79EFBC}") = "CarShop", "6Visitor\CarShop Modified Visitor\CarShop\CarShop.csproj", "{DE78B88A-E21A-4BA8-A559-57AF0E860BF6}"
EndProject
Project("{FAE04EC0-301F-11D3-BF4B-00C04F79EFBC}") = "CarShop", "6Visitor\CarShop Simple Visitor\CarShop\CarShop.csproj", "{1FE82D51-C836-4ECD-AF85-CFE788EA3D5B}"
EndProject
Project("{2150E333-8FDC-42A3-9474-1A3956D46DE8}") = "1 Houses Basic", "1 Houses Basic", "{446BFA66-D082-4A7F-A582-E84F7A54B21A}"
EndProject
Project("{2150E333-8FDC-42A3-9474-1A3956D46DE8}") = "2 Houses Composite", "2 Houses Composite", "{8034C246-3906-4BDA-BEA5-F6CB944920CB}"
EndProject
Project("{2150E333-8FDC-42A3-9474-1A3956D46DE8}") = "3 Houses Strategy", "3 Houses Strategy", "{1A1D9F94-52D1-4DC2-85DE-F1426757C9F3}"
EndProject
Project("{FAE04EC0-301F-11D3-BF4B-00C04F79EFBC}") = "Houses", "3Composite\1 Houses Basic\Houses\Houses.csproj", "{DE11C433-2FB8-4639-BA32-FAF7ADC6705A}"
EndProject
Project("{FAE04EC0-301F-11D3-BF4B-00C04F79EFBC}") = "Houses", "3Composite\2 Houses Composite\Houses\Houses.csproj", "{C7A675C0-4013-4D05-8F14-D2E198CFD9CC}"
EndProject
Project("{FAE04EC0-301F-11D3-BF4B-00C04F79EFBC}") = "Houses", "3Composite\3 Houses Strategy\Houses\Houses.csproj", "{597625B3-5521-4ABB-8EB1-55996E99E949}"
EndProject
Project("{2150E333-8FDC-42A3-9474-1A3956D46DE8}") = "Composite", "Composite", "{462F726B-5B61-47B1-8504-5F2BC16E76E0}"
EndProject
Project("{FAE04EC0-301F-11D3-BF4B-00C04F79EFBC}") = "CompositeDemo", "SamplePatterns\Composite\after\CompositeDemo\CompositeDemo\CompositeDemo.csproj", "{A75DEFBB-4026-44BA-98C6-49872A828DD5}"
EndProject
Project("{2150E333-8FDC-42A3-9474-1A3956D46DE8}") = "After", "After", "{CE2464CC-D22E-42B5-8985-26A220E6428E}"
EndProject
Project("{2150E333-8FDC-42A3-9474-1A3956D46DE8}") = "Before", "Before", "{06AF559B-3322-4A86-A335-893E14F7B470}"
EndProject
Project("{FAE04EC0-301F-11D3-BF4B-00C04F79EFBC}") = "CompositeDemo_Before", "SamplePatterns\Composite\before\CompositeDemo\CompositeDemo\CompositeDemo_Before.csproj", "{36588EB3-7DD6-4BA4-A297-12D74D9C4946}"
EndProject
Project("{2150E333-8FDC-42A3-9474-1A3956D46DE8}") = "Observer", "Observer", "{6C95653C-DB39-4428-B13C-5CB12B0F7052}"
EndProject
Project("{2150E333-8FDC-42A3-9474-1A3956D46DE8}") = "Model", "Model", "{21692B95-E15A-4396-9DF6-EF9F11A8403B}"
EndProject
Project("{FAE04EC0-301F-11D3-BF4B-00C04F79EFBC}") = "Observer", "SamplePatterns\Observer\Observer\Observer.csproj", "{74CC2728-1FF2-44C1-989F-A8B2E31EAEFA}"
EndProject
Project("{2150E333-8FDC-42A3-9474-1A3956D46DE8}") = "visitor", "visitor", "{54CCAC34-1151-4744-9E16-4BCAF827C903}"
EndProject
Project("{FAE04EC0-301F-11D3-BF4B-00C04F79EFBC}") = "VisitorDemo_Before", "SamplePatterns\visitor\before\VisitorDemo\VisitorDemo\VisitorDemo_Before.csproj", "{2119BD91-8F36-4044-897D-7551E715C861}"
EndProject
Project("{2150E333-8FDC-42A3-9474-1A3956D46DE8}") = "Before", "Before", "{EB4BC01F-8765-40C2-B33C-DA8A43BF301D}"
EndProject
Project("{2150E333-8FDC-42A3-9474-1A3956D46DE8}") = "After", "After", "{2649B851-2534-49FA-AD40-C2D6ED1983B5}"
EndProject
Project("{FAE04EC0-301F-11D3-BF4B-00C04F79EFBC}") = "VisitorDemo", "SamplePatterns\visitor\after\VisitorDemo\VisitorDemo\VisitorDemo.csproj", "{83B832BA-15FE-4177-A217-5AD422DCE003}"
EndProject
Project("{FAE04EC0-301F-11D3-BF4B-00C04F79EFBC}") = "CarShop", "7Protocols and the Visitor\CarShop\CarShop.csproj", "{AEABBE48-4BFD-48FD-8719-EA40EAA448F2}"
EndProject
Project("{FAE04EC0-301F-11D3-BF4B-00C04F79EFBC}") = "Appointments", "8Mixin\Appointments\Appointments.csproj", "{00AC3299-147A-4D46-8477-8C66A0F3B73A}"
EndProject
Global
	GlobalSection(SolutionConfigurationPlatforms) = preSolution
		Debug|Any CPU = Debug|Any CPU
		Debug|x86 = Debug|x86
		Release|Any CPU = Release|Any CPU
		Release|x86 = Release|x86
	EndGlobalSection
	GlobalSection(ProjectConfigurationPlatforms) = postSolution
		{72E5A6BA-DF7E-420D-9125-BDAA22657868}.Debug|Any CPU.ActiveCfg = Debug|Any CPU
		{72E5A6BA-DF7E-420D-9125-BDAA22657868}.Debug|Any CPU.Build.0 = Debug|Any CPU
		{72E5A6BA-DF7E-420D-9125-BDAA22657868}.Debug|x86.ActiveCfg = Debug|Any CPU
		{72E5A6BA-DF7E-420D-9125-BDAA22657868}.Debug|x86.Build.0 = Debug|Any CPU
		{72E5A6BA-DF7E-420D-9125-BDAA22657868}.Release|Any CPU.ActiveCfg = Release|Any CPU
		{72E5A6BA-DF7E-420D-9125-BDAA22657868}.Release|Any CPU.Build.0 = Release|Any CPU
		{72E5A6BA-DF7E-420D-9125-BDAA22657868}.Release|x86.ActiveCfg = Release|Any CPU
		{72E5A6BA-DF7E-420D-9125-BDAA22657868}.Release|x86.Build.0 = Release|Any CPU
		{CE128C66-979C-49A6-9A90-17BCFF6E710C}.Debug|Any CPU.ActiveCfg = Debug|Any CPU
		{CE128C66-979C-49A6-9A90-17BCFF6E710C}.Debug|Any CPU.Build.0 = Debug|Any CPU
		{CE128C66-979C-49A6-9A90-17BCFF6E710C}.Debug|x86.ActiveCfg = Debug|Any CPU
		{CE128C66-979C-49A6-9A90-17BCFF6E710C}.Debug|x86.Build.0 = Debug|Any CPU
		{CE128C66-979C-49A6-9A90-17BCFF6E710C}.Release|Any CPU.ActiveCfg = Release|Any CPU
		{CE128C66-979C-49A6-9A90-17BCFF6E710C}.Release|Any CPU.Build.0 = Release|Any CPU
		{CE128C66-979C-49A6-9A90-17BCFF6E710C}.Release|x86.ActiveCfg = Release|Any CPU
		{CE128C66-979C-49A6-9A90-17BCFF6E710C}.Release|x86.Build.0 = Release|Any CPU
		{E33AD661-665E-4017-934F-FCC9984B13E6}.Debug|Any CPU.ActiveCfg = Debug|Any CPU
		{E33AD661-665E-4017-934F-FCC9984B13E6}.Debug|Any CPU.Build.0 = Debug|Any CPU
		{E33AD661-665E-4017-934F-FCC9984B13E6}.Debug|x86.ActiveCfg = Debug|Any CPU
		{E33AD661-665E-4017-934F-FCC9984B13E6}.Debug|x86.Build.0 = Debug|Any CPU
		{E33AD661-665E-4017-934F-FCC9984B13E6}.Release|Any CPU.ActiveCfg = Release|Any CPU
		{E33AD661-665E-4017-934F-FCC9984B13E6}.Release|Any CPU.Build.0 = Release|Any CPU
		{E33AD661-665E-4017-934F-FCC9984B13E6}.Release|x86.ActiveCfg = Release|Any CPU
		{E33AD661-665E-4017-934F-FCC9984B13E6}.Release|x86.Build.0 = Release|Any CPU
		{2AE8E043-9620-4787-848F-577F3B95CDC8}.Debug|Any CPU.ActiveCfg = Debug|Any CPU
		{2AE8E043-9620-4787-848F-577F3B95CDC8}.Debug|Any CPU.Build.0 = Debug|Any CPU
		{2AE8E043-9620-4787-848F-577F3B95CDC8}.Debug|x86.ActiveCfg = Debug|Any CPU
		{2AE8E043-9620-4787-848F-577F3B95CDC8}.Debug|x86.Build.0 = Debug|Any CPU
		{2AE8E043-9620-4787-848F-577F3B95CDC8}.Release|Any CPU.ActiveCfg = Release|Any CPU
		{2AE8E043-9620-4787-848F-577F3B95CDC8}.Release|Any CPU.Build.0 = Release|Any CPU
		{2AE8E043-9620-4787-848F-577F3B95CDC8}.Release|x86.ActiveCfg = Release|Any CPU
		{2AE8E043-9620-4787-848F-577F3B95CDC8}.Release|x86.Build.0 = Release|Any CPU
		{FC3ED5E3-DB30-4977-856C-F5597146DD17}.Debug|Any CPU.ActiveCfg = Debug|Any CPU
		{FC3ED5E3-DB30-4977-856C-F5597146DD17}.Debug|Any CPU.Build.0 = Debug|Any CPU
		{FC3ED5E3-DB30-4977-856C-F5597146DD17}.Debug|x86.ActiveCfg = Debug|Any CPU
		{FC3ED5E3-DB30-4977-856C-F5597146DD17}.Debug|x86.Build.0 = Debug|Any CPU
		{FC3ED5E3-DB30-4977-856C-F5597146DD17}.Release|Any CPU.ActiveCfg = Release|Any CPU
		{FC3ED5E3-DB30-4977-856C-F5597146DD17}.Release|Any CPU.Build.0 = Release|Any CPU
		{FC3ED5E3-DB30-4977-856C-F5597146DD17}.Release|x86.ActiveCfg = Release|Any CPU
		{FC3ED5E3-DB30-4977-856C-F5597146DD17}.Release|x86.Build.0 = Release|Any CPU
		{5DD2138D-E071-4A5C-BC9E-A004EDD9AA56}.Debug|Any CPU.ActiveCfg = Debug|Any CPU
		{5DD2138D-E071-4A5C-BC9E-A004EDD9AA56}.Debug|Any CPU.Build.0 = Debug|Any CPU
		{5DD2138D-E071-4A5C-BC9E-A004EDD9AA56}.Debug|x86.ActiveCfg = Debug|Any CPU
		{5DD2138D-E071-4A5C-BC9E-A004EDD9AA56}.Debug|x86.Build.0 = Debug|Any CPU
		{5DD2138D-E071-4A5C-BC9E-A004EDD9AA56}.Release|Any CPU.ActiveCfg = Release|Any CPU
		{5DD2138D-E071-4A5C-BC9E-A004EDD9AA56}.Release|Any CPU.Build.0 = Release|Any CPU
		{5DD2138D-E071-4A5C-BC9E-A004EDD9AA56}.Release|x86.ActiveCfg = Release|Any CPU
		{5DD2138D-E071-4A5C-BC9E-A004EDD9AA56}.Release|x86.Build.0 = Release|Any CPU
		{349ADE6B-6792-406A-A236-BF31D1CCE299}.Debug|Any CPU.ActiveCfg = Debug|Any CPU
		{349ADE6B-6792-406A-A236-BF31D1CCE299}.Debug|Any CPU.Build.0 = Debug|Any CPU
		{349ADE6B-6792-406A-A236-BF31D1CCE299}.Debug|x86.ActiveCfg = Debug|Any CPU
		{349ADE6B-6792-406A-A236-BF31D1CCE299}.Debug|x86.Build.0 = Debug|Any CPU
		{349ADE6B-6792-406A-A236-BF31D1CCE299}.Release|Any CPU.ActiveCfg = Release|Any CPU
		{349ADE6B-6792-406A-A236-BF31D1CCE299}.Release|Any CPU.Build.0 = Release|Any CPU
		{349ADE6B-6792-406A-A236-BF31D1CCE299}.Release|x86.ActiveCfg = Release|Any CPU
		{349ADE6B-6792-406A-A236-BF31D1CCE299}.Release|x86.Build.0 = Release|Any CPU
		{B670F38D-744F-4C11-ABB5-39FCB10C81EF}.Debug|Any CPU.ActiveCfg = Debug|Any CPU
		{B670F38D-744F-4C11-ABB5-39FCB10C81EF}.Debug|Any CPU.Build.0 = Debug|Any CPU
		{B670F38D-744F-4C11-ABB5-39FCB10C81EF}.Debug|x86.ActiveCfg = Debug|Any CPU
		{B670F38D-744F-4C11-ABB5-39FCB10C81EF}.Debug|x86.Build.0 = Debug|Any CPU
		{B670F38D-744F-4C11-ABB5-39FCB10C81EF}.Release|Any CPU.ActiveCfg = Release|Any CPU
		{B670F38D-744F-4C11-ABB5-39FCB10C81EF}.Release|Any CPU.Build.0 = Release|Any CPU
		{B670F38D-744F-4C11-ABB5-39FCB10C81EF}.Release|x86.ActiveCfg = Release|Any CPU
		{B670F38D-744F-4C11-ABB5-39FCB10C81EF}.Release|x86.Build.0 = Release|Any CPU
		{2C66C5E9-629B-4827-97D0-50352DEA5E8A}.Debug|Any CPU.ActiveCfg = Debug|Any CPU
		{2C66C5E9-629B-4827-97D0-50352DEA5E8A}.Debug|Any CPU.Build.0 = Debug|Any CPU
		{2C66C5E9-629B-4827-97D0-50352DEA5E8A}.Debug|x86.ActiveCfg = Debug|Any CPU
		{2C66C5E9-629B-4827-97D0-50352DEA5E8A}.Debug|x86.Build.0 = Debug|Any CPU
		{2C66C5E9-629B-4827-97D0-50352DEA5E8A}.Release|Any CPU.ActiveCfg = Release|Any CPU
		{2C66C5E9-629B-4827-97D0-50352DEA5E8A}.Release|Any CPU.Build.0 = Release|Any CPU
		{2C66C5E9-629B-4827-97D0-50352DEA5E8A}.Release|x86.ActiveCfg = Release|Any CPU
		{2C66C5E9-629B-4827-97D0-50352DEA5E8A}.Release|x86.Build.0 = Release|Any CPU
		{2B072334-1208-44EB-9370-62576F7D1F48}.Debug|Any CPU.ActiveCfg = Debug|Any CPU
		{2B072334-1208-44EB-9370-62576F7D1F48}.Debug|Any CPU.Build.0 = Debug|Any CPU
		{2B072334-1208-44EB-9370-62576F7D1F48}.Debug|x86.ActiveCfg = Debug|Any CPU
		{2B072334-1208-44EB-9370-62576F7D1F48}.Debug|x86.Build.0 = Debug|Any CPU
		{2B072334-1208-44EB-9370-62576F7D1F48}.Release|Any CPU.ActiveCfg = Release|Any CPU
		{2B072334-1208-44EB-9370-62576F7D1F48}.Release|Any CPU.Build.0 = Release|Any CPU
		{2B072334-1208-44EB-9370-62576F7D1F48}.Release|x86.ActiveCfg = Release|Any CPU
		{2B072334-1208-44EB-9370-62576F7D1F48}.Release|x86.Build.0 = Release|Any CPU
		{779EB6D1-7BD2-48DB-A2E1-C76AA3C3E945}.Debug|Any CPU.ActiveCfg = Debug|Any CPU
		{779EB6D1-7BD2-48DB-A2E1-C76AA3C3E945}.Debug|Any CPU.Build.0 = Debug|Any CPU
		{779EB6D1-7BD2-48DB-A2E1-C76AA3C3E945}.Debug|x86.ActiveCfg = Debug|Any CPU
		{779EB6D1-7BD2-48DB-A2E1-C76AA3C3E945}.Debug|x86.Build.0 = Debug|Any CPU
		{779EB6D1-7BD2-48DB-A2E1-C76AA3C3E945}.Release|Any CPU.ActiveCfg = Release|Any CPU
		{779EB6D1-7BD2-48DB-A2E1-C76AA3C3E945}.Release|Any CPU.Build.0 = Release|Any CPU
		{779EB6D1-7BD2-48DB-A2E1-C76AA3C3E945}.Release|x86.ActiveCfg = Release|Any CPU
		{779EB6D1-7BD2-48DB-A2E1-C76AA3C3E945}.Release|x86.Build.0 = Release|Any CPU
		{F0032280-3234-4F54-8CFC-37C85A269FD1}.Debug|Any CPU.ActiveCfg = Debug|Any CPU
		{F0032280-3234-4F54-8CFC-37C85A269FD1}.Debug|Any CPU.Build.0 = Debug|Any CPU
		{F0032280-3234-4F54-8CFC-37C85A269FD1}.Debug|x86.ActiveCfg = Debug|Any CPU
		{F0032280-3234-4F54-8CFC-37C85A269FD1}.Debug|x86.Build.0 = Debug|Any CPU
		{F0032280-3234-4F54-8CFC-37C85A269FD1}.Release|Any CPU.ActiveCfg = Release|Any CPU
		{F0032280-3234-4F54-8CFC-37C85A269FD1}.Release|Any CPU.Build.0 = Release|Any CPU
		{F0032280-3234-4F54-8CFC-37C85A269FD1}.Release|x86.ActiveCfg = Release|Any CPU
		{F0032280-3234-4F54-8CFC-37C85A269FD1}.Release|x86.Build.0 = Release|Any CPU
		{CC2C439A-4CA2-4E35-B391-4B9937D6B3E3}.Debug|Any CPU.ActiveCfg = Debug|Any CPU
		{CC2C439A-4CA2-4E35-B391-4B9937D6B3E3}.Debug|Any CPU.Build.0 = Debug|Any CPU
		{CC2C439A-4CA2-4E35-B391-4B9937D6B3E3}.Debug|x86.ActiveCfg = Debug|Any CPU
		{CC2C439A-4CA2-4E35-B391-4B9937D6B3E3}.Debug|x86.Build.0 = Debug|Any CPU
		{CC2C439A-4CA2-4E35-B391-4B9937D6B3E3}.Release|Any CPU.ActiveCfg = Release|Any CPU
		{CC2C439A-4CA2-4E35-B391-4B9937D6B3E3}.Release|Any CPU.Build.0 = Release|Any CPU
		{CC2C439A-4CA2-4E35-B391-4B9937D6B3E3}.Release|x86.ActiveCfg = Release|Any CPU
		{CC2C439A-4CA2-4E35-B391-4B9937D6B3E3}.Release|x86.Build.0 = Release|Any CPU
		{01DD69F4-2565-4621-B12F-8AA7495F3E38}.Debug|Any CPU.ActiveCfg = Debug|Any CPU
		{01DD69F4-2565-4621-B12F-8AA7495F3E38}.Debug|Any CPU.Build.0 = Debug|Any CPU
		{01DD69F4-2565-4621-B12F-8AA7495F3E38}.Debug|x86.ActiveCfg = Debug|Any CPU
		{01DD69F4-2565-4621-B12F-8AA7495F3E38}.Debug|x86.Build.0 = Debug|Any CPU
		{01DD69F4-2565-4621-B12F-8AA7495F3E38}.Release|Any CPU.ActiveCfg = Release|Any CPU
		{01DD69F4-2565-4621-B12F-8AA7495F3E38}.Release|Any CPU.Build.0 = Release|Any CPU
		{01DD69F4-2565-4621-B12F-8AA7495F3E38}.Release|x86.ActiveCfg = Release|Any CPU
		{01DD69F4-2565-4621-B12F-8AA7495F3E38}.Release|x86.Build.0 = Release|Any CPU
		{49372EA3-D73E-4161-90D6-5E35F84B286E}.Debug|Any CPU.ActiveCfg = Debug|Any CPU
		{49372EA3-D73E-4161-90D6-5E35F84B286E}.Debug|Any CPU.Build.0 = Debug|Any CPU
		{49372EA3-D73E-4161-90D6-5E35F84B286E}.Debug|x86.ActiveCfg = Debug|Any CPU
		{49372EA3-D73E-4161-90D6-5E35F84B286E}.Debug|x86.Build.0 = Debug|Any CPU
		{49372EA3-D73E-4161-90D6-5E35F84B286E}.Release|Any CPU.ActiveCfg = Release|Any CPU
		{49372EA3-D73E-4161-90D6-5E35F84B286E}.Release|Any CPU.Build.0 = Release|Any CPU
		{49372EA3-D73E-4161-90D6-5E35F84B286E}.Release|x86.ActiveCfg = Release|Any CPU
		{49372EA3-D73E-4161-90D6-5E35F84B286E}.Release|x86.Build.0 = Release|Any CPU
		{DE78B88A-E21A-4BA8-A559-57AF0E860BF6}.Debug|Any CPU.ActiveCfg = Debug|Any CPU
		{DE78B88A-E21A-4BA8-A559-57AF0E860BF6}.Debug|Any CPU.Build.0 = Debug|Any CPU
		{DE78B88A-E21A-4BA8-A559-57AF0E860BF6}.Debug|x86.ActiveCfg = Debug|Any CPU
		{DE78B88A-E21A-4BA8-A559-57AF0E860BF6}.Debug|x86.Build.0 = Debug|Any CPU
		{DE78B88A-E21A-4BA8-A559-57AF0E860BF6}.Release|Any CPU.ActiveCfg = Release|Any CPU
		{DE78B88A-E21A-4BA8-A559-57AF0E860BF6}.Release|Any CPU.Build.0 = Release|Any CPU
		{DE78B88A-E21A-4BA8-A559-57AF0E860BF6}.Release|x86.ActiveCfg = Release|Any CPU
		{DE78B88A-E21A-4BA8-A559-57AF0E860BF6}.Release|x86.Build.0 = Release|Any CPU
		{1FE82D51-C836-4ECD-AF85-CFE788EA3D5B}.Debug|Any CPU.ActiveCfg = Debug|Any CPU
		{1FE82D51-C836-4ECD-AF85-CFE788EA3D5B}.Debug|Any CPU.Build.0 = Debug|Any CPU
		{1FE82D51-C836-4ECD-AF85-CFE788EA3D5B}.Debug|x86.ActiveCfg = Debug|Any CPU
		{1FE82D51-C836-4ECD-AF85-CFE788EA3D5B}.Debug|x86.Build.0 = Debug|Any CPU
		{1FE82D51-C836-4ECD-AF85-CFE788EA3D5B}.Release|Any CPU.ActiveCfg = Release|Any CPU
		{1FE82D51-C836-4ECD-AF85-CFE788EA3D5B}.Release|Any CPU.Build.0 = Release|Any CPU
		{1FE82D51-C836-4ECD-AF85-CFE788EA3D5B}.Release|x86.ActiveCfg = Release|Any CPU
		{1FE82D51-C836-4ECD-AF85-CFE788EA3D5B}.Release|x86.Build.0 = Release|Any CPU
		{DE11C433-2FB8-4639-BA32-FAF7ADC6705A}.Debug|Any CPU.ActiveCfg = Debug|Any CPU
		{DE11C433-2FB8-4639-BA32-FAF7ADC6705A}.Debug|Any CPU.Build.0 = Debug|Any CPU
		{DE11C433-2FB8-4639-BA32-FAF7ADC6705A}.Debug|x86.ActiveCfg = Debug|Any CPU
		{DE11C433-2FB8-4639-BA32-FAF7ADC6705A}.Debug|x86.Build.0 = Debug|Any CPU
		{DE11C433-2FB8-4639-BA32-FAF7ADC6705A}.Release|Any CPU.ActiveCfg = Release|Any CPU
		{DE11C433-2FB8-4639-BA32-FAF7ADC6705A}.Release|Any CPU.Build.0 = Release|Any CPU
		{DE11C433-2FB8-4639-BA32-FAF7ADC6705A}.Release|x86.ActiveCfg = Release|Any CPU
		{DE11C433-2FB8-4639-BA32-FAF7ADC6705A}.Release|x86.Build.0 = Release|Any CPU
		{C7A675C0-4013-4D05-8F14-D2E198CFD9CC}.Debug|Any CPU.ActiveCfg = Debug|Any CPU
		{C7A675C0-4013-4D05-8F14-D2E198CFD9CC}.Debug|Any CPU.Build.0 = Debug|Any CPU
		{C7A675C0-4013-4D05-8F14-D2E198CFD9CC}.Debug|x86.ActiveCfg = Debug|Any CPU
		{C7A675C0-4013-4D05-8F14-D2E198CFD9CC}.Debug|x86.Build.0 = Debug|Any CPU
		{C7A675C0-4013-4D05-8F14-D2E198CFD9CC}.Release|Any CPU.ActiveCfg = Release|Any CPU
		{C7A675C0-4013-4D05-8F14-D2E198CFD9CC}.Release|Any CPU.Build.0 = Release|Any CPU
		{C7A675C0-4013-4D05-8F14-D2E198CFD9CC}.Release|x86.ActiveCfg = Release|Any CPU
		{C7A675C0-4013-4D05-8F14-D2E198CFD9CC}.Release|x86.Build.0 = Release|Any CPU
		{597625B3-5521-4ABB-8EB1-55996E99E949}.Debug|Any CPU.ActiveCfg = Debug|Any CPU
		{597625B3-5521-4ABB-8EB1-55996E99E949}.Debug|Any CPU.Build.0 = Debug|Any CPU
		{597625B3-5521-4ABB-8EB1-55996E99E949}.Debug|x86.ActiveCfg = Debug|Any CPU
		{597625B3-5521-4ABB-8EB1-55996E99E949}.Debug|x86.Build.0 = Debug|Any CPU
		{597625B3-5521-4ABB-8EB1-55996E99E949}.Release|Any CPU.ActiveCfg = Release|Any CPU
		{597625B3-5521-4ABB-8EB1-55996E99E949}.Release|Any CPU.Build.0 = Release|Any CPU
		{597625B3-5521-4ABB-8EB1-55996E99E949}.Release|x86.ActiveCfg = Release|Any CPU
		{597625B3-5521-4ABB-8EB1-55996E99E949}.Release|x86.Build.0 = Release|Any CPU
		{A75DEFBB-4026-44BA-98C6-49872A828DD5}.Debug|Any CPU.ActiveCfg = Debug|x86
		{A75DEFBB-4026-44BA-98C6-49872A828DD5}.Debug|x86.ActiveCfg = Debug|x86
		{A75DEFBB-4026-44BA-98C6-49872A828DD5}.Debug|x86.Build.0 = Debug|x86
		{A75DEFBB-4026-44BA-98C6-49872A828DD5}.Release|Any CPU.ActiveCfg = Release|x86
		{A75DEFBB-4026-44BA-98C6-49872A828DD5}.Release|x86.ActiveCfg = Release|x86
		{A75DEFBB-4026-44BA-98C6-49872A828DD5}.Release|x86.Build.0 = Release|x86
		{36588EB3-7DD6-4BA4-A297-12D74D9C4946}.Debug|Any CPU.ActiveCfg = Debug|x86
		{36588EB3-7DD6-4BA4-A297-12D74D9C4946}.Debug|x86.ActiveCfg = Debug|x86
		{36588EB3-7DD6-4BA4-A297-12D74D9C4946}.Debug|x86.Build.0 = Debug|x86
		{36588EB3-7DD6-4BA4-A297-12D74D9C4946}.Release|Any CPU.ActiveCfg = Release|x86
		{36588EB3-7DD6-4BA4-A297-12D74D9C4946}.Release|x86.ActiveCfg = Release|x86
		{36588EB3-7DD6-4BA4-A297-12D74D9C4946}.Release|x86.Build.0 = Release|x86
		{74CC2728-1FF2-44C1-989F-A8B2E31EAEFA}.Debug|Any CPU.ActiveCfg = Debug|x86
		{74CC2728-1FF2-44C1-989F-A8B2E31EAEFA}.Debug|x86.ActiveCfg = Debug|x86
		{74CC2728-1FF2-44C1-989F-A8B2E31EAEFA}.Debug|x86.Build.0 = Debug|x86
		{74CC2728-1FF2-44C1-989F-A8B2E31EAEFA}.Release|Any CPU.ActiveCfg = Release|x86
		{74CC2728-1FF2-44C1-989F-A8B2E31EAEFA}.Release|x86.ActiveCfg = Release|x86
		{74CC2728-1FF2-44C1-989F-A8B2E31EAEFA}.Release|x86.Build.0 = Release|x86
		{2119BD91-8F36-4044-897D-7551E715C861}.Debug|Any CPU.ActiveCfg = Debug|x86
		{2119BD91-8F36-4044-897D-7551E715C861}.Debug|x86.ActiveCfg = Debug|x86
		{2119BD91-8F36-4044-897D-7551E715C861}.Debug|x86.Build.0 = Debug|x86
		{2119BD91-8F36-4044-897D-7551E715C861}.Release|Any CPU.ActiveCfg = Release|x86
		{2119BD91-8F36-4044-897D-7551E715C861}.Release|x86.ActiveCfg = Release|x86
		{2119BD91-8F36-4044-897D-7551E715C861}.Release|x86.Build.0 = Release|x86
		{83B832BA-15FE-4177-A217-5AD422DCE003}.Debug|Any CPU.ActiveCfg = Debug|x86
		{83B832BA-15FE-4177-A217-5AD422DCE003}.Debug|x86.ActiveCfg = Debug|x86
		{83B832BA-15FE-4177-A217-5AD422DCE003}.Debug|x86.Build.0 = Debug|x86
		{83B832BA-15FE-4177-A217-5AD422DCE003}.Release|Any CPU.ActiveCfg = Release|x86
		{83B832BA-15FE-4177-A217-5AD422DCE003}.Release|x86.ActiveCfg = Release|x86
		{83B832BA-15FE-4177-A217-5AD422DCE003}.Release|x86.Build.0 = Release|x86
		{AEABBE48-4BFD-48FD-8719-EA40EAA448F2}.Debug|Any CPU.ActiveCfg = Debug|Any CPU
		{AEABBE48-4BFD-48FD-8719-EA40EAA448F2}.Debug|Any CPU.Build.0 = Debug|Any CPU
		{AEABBE48-4BFD-48FD-8719-EA40EAA448F2}.Debug|x86.ActiveCfg = Debug|Any CPU
		{AEABBE48-4BFD-48FD-8719-EA40EAA448F2}.Debug|x86.Build.0 = Debug|Any CPU
		{AEABBE48-4BFD-48FD-8719-EA40EAA448F2}.Release|Any CPU.ActiveCfg = Release|Any CPU
		{AEABBE48-4BFD-48FD-8719-EA40EAA448F2}.Release|Any CPU.Build.0 = Release|Any CPU
		{AEABBE48-4BFD-48FD-8719-EA40EAA448F2}.Release|x86.ActiveCfg = Release|Any CPU
		{AEABBE48-4BFD-48FD-8719-EA40EAA448F2}.Release|x86.Build.0 = Release|Any CPU
		{00AC3299-147A-4D46-8477-8C66A0F3B73A}.Debug|Any CPU.ActiveCfg = Debug|Any CPU
		{00AC3299-147A-4D46-8477-8C66A0F3B73A}.Debug|Any CPU.Build.0 = Debug|Any CPU
		{00AC3299-147A-4D46-8477-8C66A0F3B73A}.Debug|x86.ActiveCfg = Debug|Any CPU
		{00AC3299-147A-4D46-8477-8C66A0F3B73A}.Debug|x86.Build.0 = Debug|Any CPU
		{00AC3299-147A-4D46-8477-8C66A0F3B73A}.Release|Any CPU.ActiveCfg = Release|Any CPU
		{00AC3299-147A-4D46-8477-8C66A0F3B73A}.Release|Any CPU.Build.0 = Release|Any CPU
		{00AC3299-147A-4D46-8477-8C66A0F3B73A}.Release|x86.ActiveCfg = Release|Any CPU
		{00AC3299-147A-4D46-8477-8C66A0F3B73A}.Release|x86.Build.0 = Release|Any CPU
	EndGlobalSection
	GlobalSection(SolutionProperties) = preSolution
		HideSolutionNode = FALSE
	EndGlobalSection
	GlobalSection(NestedProjects) = preSolution
		{2E8B0190-6C53-4CB6-BC7F-8E2458C53466} = {1F10BBD2-1F6B-4BB4-B2D1-85DA84CD30B9}
		{AFC8CEB9-E41A-430B-A12C-AE74BCCB8607} = {1F10BBD2-1F6B-4BB4-B2D1-85DA84CD30B9}
		{0A0BA1AE-7E82-4E48-8ABF-9E3C4383ABF3} = {1F10BBD2-1F6B-4BB4-B2D1-85DA84CD30B9}
		{72E5A6BA-DF7E-420D-9125-BDAA22657868} = {2E8B0190-6C53-4CB6-BC7F-8E2458C53466}
		{CE128C66-979C-49A6-9A90-17BCFF6E710C} = {AFC8CEB9-E41A-430B-A12C-AE74BCCB8607}
		{E33AD661-665E-4017-934F-FCC9984B13E6} = {0A0BA1AE-7E82-4E48-8ABF-9E3C4383ABF3}
		{6FEE5BB5-DEFB-4F7C-8A56-527CBF1C6EF9} = {701233EF-591E-4586-A53E-09F79E5C8B92}
		{F9ADEB94-CFC1-4D62-AE88-D4C1B7DA1031} = {701233EF-591E-4586-A53E-09F79E5C8B92}
		{B2AD1BFC-8DFA-4A86-BA7C-FE79C48B3467} = {CDF85CBF-22D4-412E-86F8-E76519842B97}
		{498090D0-A4F8-4C04-80C8-F29E2C4C9570} = {CDF85CBF-22D4-412E-86F8-E76519842B97}
		{96A8C14B-E4A3-4BE7-8B09-A64F7F69DB14} = {CDF85CBF-22D4-412E-86F8-E76519842B97}
		{2AE8E043-9620-4787-848F-577F3B95CDC8} = {6FEE5BB5-DEFB-4F7C-8A56-527CBF1C6EF9}
		{FC3ED5E3-DB30-4977-856C-F5597146DD17} = {F9ADEB94-CFC1-4D62-AE88-D4C1B7DA1031}
		{D3570A2B-463E-4501-A069-56688153BFF7} = {21D488EC-D374-45A3-A41C-4D9FE678529E}
		{5DD2138D-E071-4A5C-BC9E-A004EDD9AA56} = {D3570A2B-463E-4501-A069-56688153BFF7}
		{349ADE6B-6792-406A-A236-BF31D1CCE299} = {D3570A2B-463E-4501-A069-56688153BFF7}
		{9347129A-5C98-4381-82F4-0DF939F2A78D} = {21D488EC-D374-45A3-A41C-4D9FE678529E}
		{B670F38D-744F-4C11-ABB5-39FCB10C81EF} = {9347129A-5C98-4381-82F4-0DF939F2A78D}
		{2C66C5E9-629B-4827-97D0-50352DEA5E8A} = {9347129A-5C98-4381-82F4-0DF939F2A78D}
		{C63AB6C4-EFF0-4BA6-A786-9AE198C9A813} = {21D488EC-D374-45A3-A41C-4D9FE678529E}
		{2B072334-1208-44EB-9370-62576F7D1F48} = {C63AB6C4-EFF0-4BA6-A786-9AE198C9A813}
		{779EB6D1-7BD2-48DB-A2E1-C76AA3C3E945} = {C63AB6C4-EFF0-4BA6-A786-9AE198C9A813}
		{BE808F76-0B85-4D7C-85DC-9B1F24D20B1F} = {21D488EC-D374-45A3-A41C-4D9FE678529E}
		{F0032280-3234-4F54-8CFC-37C85A269FD1} = {BE808F76-0B85-4D7C-85DC-9B1F24D20B1F}
		{CC2C439A-4CA2-4E35-B391-4B9937D6B3E3} = {BE808F76-0B85-4D7C-85DC-9B1F24D20B1F}
		{01DD69F4-2565-4621-B12F-8AA7495F3E38} = {BE808F76-0B85-4D7C-85DC-9B1F24D20B1F}
		{49372EA3-D73E-4161-90D6-5E35F84B286E} = {B2AD1BFC-8DFA-4A86-BA7C-FE79C48B3467}
		{DE78B88A-E21A-4BA8-A559-57AF0E860BF6} = {96A8C14B-E4A3-4BE7-8B09-A64F7F69DB14}
		{1FE82D51-C836-4ECD-AF85-CFE788EA3D5B} = {498090D0-A4F8-4C04-80C8-F29E2C4C9570}
		{446BFA66-D082-4A7F-A582-E84F7A54B21A} = {B1A771A3-BB75-449C-8D71-55740FE33D37}
		{8034C246-3906-4BDA-BEA5-F6CB944920CB} = {B1A771A3-BB75-449C-8D71-55740FE33D37}
		{1A1D9F94-52D1-4DC2-85DE-F1426757C9F3} = {B1A771A3-BB75-449C-8D71-55740FE33D37}
		{DE11C433-2FB8-4639-BA32-FAF7ADC6705A} = {446BFA66-D082-4A7F-A582-E84F7A54B21A}
		{C7A675C0-4013-4D05-8F14-D2E198CFD9CC} = {8034C246-3906-4BDA-BEA5-F6CB944920CB}
		{597625B3-5521-4ABB-8EB1-55996E99E949} = {1A1D9F94-52D1-4DC2-85DE-F1426757C9F3}
		{462F726B-5B61-47B1-8504-5F2BC16E76E0} = {74F4FEE5-3DC1-4B0E-B74A-9E004C297534}
		{A75DEFBB-4026-44BA-98C6-49872A828DD5} = {CE2464CC-D22E-42B5-8985-26A220E6428E}
		{CE2464CC-D22E-42B5-8985-26A220E6428E} = {462F726B-5B61-47B1-8504-5F2BC16E76E0}
		{06AF559B-3322-4A86-A335-893E14F7B470} = {462F726B-5B61-47B1-8504-5F2BC16E76E0}
		{36588EB3-7DD6-4BA4-A297-12D74D9C4946} = {06AF559B-3322-4A86-A335-893E14F7B470}
		{6C95653C-DB39-4428-B13C-5CB12B0F7052} = {74F4FEE5-3DC1-4B0E-B74A-9E004C297534}
		{21692B95-E15A-4396-9DF6-EF9F11A8403B} = {6C95653C-DB39-4428-B13C-5CB12B0F7052}
		{74CC2728-1FF2-44C1-989F-A8B2E31EAEFA} = {6C95653C-DB39-4428-B13C-5CB12B0F7052}
		{54CCAC34-1151-4744-9E16-4BCAF827C903} = {74F4FEE5-3DC1-4B0E-B74A-9E004C297534}
		{2119BD91-8F36-4044-897D-7551E715C861} = {EB4BC01F-8765-40C2-B33C-DA8A43BF301D}
		{EB4BC01F-8765-40C2-B33C-DA8A43BF301D} = {54CCAC34-1151-4744-9E16-4BCAF827C903}
		{2649B851-2534-49FA-AD40-C2D6ED1983B5} = {54CCAC34-1151-4744-9E16-4BCAF827C903}
		{83B832BA-15FE-4177-A217-5AD422DCE003} = {2649B851-2534-49FA-AD40-C2D6ED1983B5}
		{AEABBE48-4BFD-48FD-8719-EA40EAA448F2} = {744635BC-418A-43C4-BA64-1A225D0B5312}
		{00AC3299-147A-4D46-8477-8C66A0F3B73A} = {D601DD28-4EB9-4D7C-9382-0A327C8652A7}
	EndGlobalSection
	GlobalSection(ExtensibilityGlobals) = postSolution
		SolutionGuid = {BDBFB6F4-6199-4D53-9A5D-E4C5351B7DC8}
	EndGlobalSection
EndGlobal
